{
  "name": "omnistudio-mastering-engine",
  "version": "1.0.0",
  "lockfileVersion": 3,
  "requires": true,
  "packages": {
    "": {
      "name": "omnistudio-mastering-engine",
      "version": "1.0.0",
      "license": "MIT",
      "dependencies": {
        "@domchristie/needles": "0.0.2-1"
      }
    },
    "node_modules/@domchristie/needles": {
      "version": "0.0.2-1",
      "resolved": "https://registry.npmjs.org/@domchristie/needles/-/needles-0.0.2-1.tgz",
      "integrity": "sha512-Ba7QEJ/FgcD6sVzT6d31gefF+TZYWO24egtGttsPi0AQtEpeTWuNv23CNqPH6BaJdacc/GvK3a4WM/vLiboJag==",
      "license": "MIT"
    }
  }
}
